
Microsoft Visual Studio Solution File, Format Version 12.00
# Visual Studio 14
VisualStudioVersion = 14.0.25420.1
MinimumVisualStudioVersion = 10.0.40219.1
Project("{FAE04EC0-301F-11D3-BF4B-00C04F79EFBC}") = "Customer", "BackEnd\Actors\Customer\Customer.csproj", "{B91F9DCE-8EC0-4CAE-B6EA-7ECD72CF7066}"
EndProject
Project("{FAE04EC0-301F-11D3-BF4B-00C04F79EFBC}") = "Customer.Interfaces", "BackEnd\Actors\Customer.Interfaces\Customer.Interfaces.csproj", "{48567099-66D9-4087-A10F-D188AE03EB6C}"
EndProject
Project("{2150E333-8FDC-42A3-9474-1A3956D46DE8}") = "Actors", "Actors", "{AD903853-A22B-454A-A3EC-4D36E9152555}"
EndProject
Project("{2150E333-8FDC-42A3-9474-1A3956D46DE8}") = "Applications", "Applications", "{A28DAA8A-1CAE-4F29-8233-732479E504A9}"
EndProject
Project("{2150E333-8FDC-42A3-9474-1A3956D46DE8}") = "BackEnd", "BackEnd", "{41390AED-EBA7-4B3E-BEA4-7EEA0C4CAE40}"
EndProject
Project("{FAE04EC0-301F-11D3-BF4B-00C04F79EFBC}") = "MyCommerce.Common", "BackEnd\MyCommerce.Common\MyCommerce.Common.csproj", "{B3DDAB8D-9E03-4D2E-B1FE-F69DF596B4CC}"
EndProject
Project("{00D1A9C2-B5F0-4AF3-8072-F6C62B433612}") = "MyCommerce.DB", "BackEnd\DataAccess\MyCommerce.DB\MyCommerce.DB.sqlproj", "{2AE793B9-CBDB-43B3-B3A3-056F5223B6C9}"
EndProject
Project("{FAE04EC0-301F-11D3-BF4B-00C04F79EFBC}") = "MyCommerce.DataAccess", "BackEnd\DataAccess\MyCommerce.DataAccess\MyCommerce.DataAccess.csproj", "{2A20B2FD-AA84-4194-A0DE-6C24C943AD75}"
EndProject
Project("{FAE04EC0-301F-11D3-BF4B-00C04F79EFBC}") = "BackEndTestConsole", "BackEnd\BackEndTestConsole\BackEndTestConsole.csproj", "{1FEA30D2-5542-4EFC-982C-4FF951667C9D}"
EndProject
Project("{FAE04EC0-301F-11D3-BF4B-00C04F79EFBC}") = "MyCommerce.SF.Core", "BackEnd\Actors\MyCommerce.SF.Core\MyCommerce.SF.Core.csproj", "{62936A58-6998-49AC-898F-33D0185C6199}"
EndProject
Project("{FAE04EC0-301F-11D3-BF4B-00C04F79EFBC}") = "MyCommerce.SF.Dto", "BackEnd\Actors\MyCommerce.SF.Dto\MyCommerce.SF.Dto.csproj", "{86B7933D-FE04-4369-8347-C5B5BC3B64C9}"
EndProject
Project("{FAE04EC0-301F-11D3-BF4B-00C04F79EFBC}") = "StorageManager", "BackEnd\Actors\StorageManager\StorageManager.csproj", "{14989201-7697-455C-98C9-1CC72423E244}"
EndProject
Project("{FAE04EC0-301F-11D3-BF4B-00C04F79EFBC}") = "ShoppingCart", "BackEnd\Actors\ShoppingCart\ShoppingCart.csproj", "{B675ADF1-4817-4646-9F04-5944867C6A9C}"
EndProject
Project("{FAE04EC0-301F-11D3-BF4B-00C04F79EFBC}") = "ShoppingCart.Interfaces", "BackEnd\Actors\ShoppingCart.Interfaces\ShoppingCart.Interfaces.csproj", "{51B717D6-F21D-416D-95A8-76915D0FF075}"
EndProject
Project("{2150E333-8FDC-42A3-9474-1A3956D46DE8}") = "WebApi", "WebApi", "{51B0A51D-D4CB-4487-B6AD-2742899E7881}"
EndProject
Project("{FAE04EC0-301F-11D3-BF4B-00C04F79EFBC}") = "WebApi", "BackEnd\WebApi\WebApi.csproj", "{332471BE-189D-499D-9F1B-84C65A6B12D8}"
EndProject
Project("{A07B5EB6-E848-4116-A8D0-A826331D98C6}") = "MyCommerce", "MyCommerce\MyCommerce.sfproj", "{DE0255C2-2AE9-4AC8-B6D2-869B1841E131}"
EndProject
Project("{2150E333-8FDC-42A3-9474-1A3956D46DE8}") = "DataAccess", "DataAccess", "{7D154547-7959-48F9-AB99-4ACBA47A5AAD}"
EndProject
Global
	GlobalSection(SolutionConfigurationPlatforms) = preSolution
		Debug|Any CPU = Debug|Any CPU
		Debug|x64 = Debug|x64
		Release|Any CPU = Release|Any CPU
		Release|x64 = Release|x64
	EndGlobalSection
	GlobalSection(ProjectConfigurationPlatforms) = postSolution
		{B91F9DCE-8EC0-4CAE-B6EA-7ECD72CF7066}.Debug|Any CPU.ActiveCfg = Debug|x64
		{B91F9DCE-8EC0-4CAE-B6EA-7ECD72CF7066}.Debug|x64.ActiveCfg = Debug|x64
		{B91F9DCE-8EC0-4CAE-B6EA-7ECD72CF7066}.Debug|x64.Build.0 = Debug|x64
		{B91F9DCE-8EC0-4CAE-B6EA-7ECD72CF7066}.Release|Any CPU.ActiveCfg = Release|x64
		{B91F9DCE-8EC0-4CAE-B6EA-7ECD72CF7066}.Release|x64.ActiveCfg = Release|x64
		{B91F9DCE-8EC0-4CAE-B6EA-7ECD72CF7066}.Release|x64.Build.0 = Release|x64
		{48567099-66D9-4087-A10F-D188AE03EB6C}.Debug|Any CPU.ActiveCfg = Debug|x64
		{48567099-66D9-4087-A10F-D188AE03EB6C}.Debug|x64.ActiveCfg = Debug|x64
		{48567099-66D9-4087-A10F-D188AE03EB6C}.Debug|x64.Build.0 = Debug|x64
		{48567099-66D9-4087-A10F-D188AE03EB6C}.Release|Any CPU.ActiveCfg = Release|x64
		{48567099-66D9-4087-A10F-D188AE03EB6C}.Release|x64.ActiveCfg = Release|x64
		{48567099-66D9-4087-A10F-D188AE03EB6C}.Release|x64.Build.0 = Release|x64
		{B3DDAB8D-9E03-4D2E-B1FE-F69DF596B4CC}.Debug|Any CPU.ActiveCfg = Debug|Any CPU
		{B3DDAB8D-9E03-4D2E-B1FE-F69DF596B4CC}.Debug|Any CPU.Build.0 = Debug|Any CPU
		{B3DDAB8D-9E03-4D2E-B1FE-F69DF596B4CC}.Debug|x64.ActiveCfg = Debug|Any CPU
		{B3DDAB8D-9E03-4D2E-B1FE-F69DF596B4CC}.Debug|x64.Build.0 = Debug|Any CPU
		{B3DDAB8D-9E03-4D2E-B1FE-F69DF596B4CC}.Release|Any CPU.ActiveCfg = Release|Any CPU
		{B3DDAB8D-9E03-4D2E-B1FE-F69DF596B4CC}.Release|Any CPU.Build.0 = Release|Any CPU
		{B3DDAB8D-9E03-4D2E-B1FE-F69DF596B4CC}.Release|x64.ActiveCfg = Release|Any CPU
		{B3DDAB8D-9E03-4D2E-B1FE-F69DF596B4CC}.Release|x64.Build.0 = Release|Any CPU
		{2AE793B9-CBDB-43B3-B3A3-056F5223B6C9}.Debug|Any CPU.ActiveCfg = Debug|Any CPU
		{2AE793B9-CBDB-43B3-B3A3-056F5223B6C9}.Debug|Any CPU.Build.0 = Debug|Any CPU
		{2AE793B9-CBDB-43B3-B3A3-056F5223B6C9}.Debug|Any CPU.Deploy.0 = Debug|Any CPU
		{2AE793B9-CBDB-43B3-B3A3-056F5223B6C9}.Debug|x64.ActiveCfg = Debug|Any CPU
		{2AE793B9-CBDB-43B3-B3A3-056F5223B6C9}.Debug|x64.Build.0 = Debug|Any CPU
		{2AE793B9-CBDB-43B3-B3A3-056F5223B6C9}.Debug|x64.Deploy.0 = Debug|Any CPU
		{2AE793B9-CBDB-43B3-B3A3-056F5223B6C9}.Release|Any CPU.ActiveCfg = Release|Any CPU
		{2AE793B9-CBDB-43B3-B3A3-056F5223B6C9}.Release|Any CPU.Build.0 = Release|Any CPU
		{2AE793B9-CBDB-43B3-B3A3-056F5223B6C9}.Release|Any CPU.Deploy.0 = Release|Any CPU
		{2AE793B9-CBDB-43B3-B3A3-056F5223B6C9}.Release|x64.ActiveCfg = Release|Any CPU
		{2AE793B9-CBDB-43B3-B3A3-056F5223B6C9}.Release|x64.Build.0 = Release|Any CPU
		{2AE793B9-CBDB-43B3-B3A3-056F5223B6C9}.Release|x64.Deploy.0 = Release|Any CPU
		{2A20B2FD-AA84-4194-A0DE-6C24C943AD75}.Debug|Any CPU.ActiveCfg = Debug|Any CPU
		{2A20B2FD-AA84-4194-A0DE-6C24C943AD75}.Debug|Any CPU.Build.0 = Debug|Any CPU
		{2A20B2FD-AA84-4194-A0DE-6C24C943AD75}.Debug|x64.ActiveCfg = Debug|Any CPU
		{2A20B2FD-AA84-4194-A0DE-6C24C943AD75}.Debug|x64.Build.0 = Debug|Any CPU
		{2A20B2FD-AA84-4194-A0DE-6C24C943AD75}.Release|Any CPU.ActiveCfg = Release|Any CPU
		{2A20B2FD-AA84-4194-A0DE-6C24C943AD75}.Release|Any CPU.Build.0 = Release|Any CPU
		{2A20B2FD-AA84-4194-A0DE-6C24C943AD75}.Release|x64.ActiveCfg = Release|Any CPU
		{2A20B2FD-AA84-4194-A0DE-6C24C943AD75}.Release|x64.Build.0 = Release|Any CPU
		{1FEA30D2-5542-4EFC-982C-4FF951667C9D}.Debug|Any CPU.ActiveCfg = Debug|Any CPU
		{1FEA30D2-5542-4EFC-982C-4FF951667C9D}.Debug|Any CPU.Build.0 = Debug|Any CPU
		{1FEA30D2-5542-4EFC-982C-4FF951667C9D}.Debug|x64.ActiveCfg = Debug|Any CPU
		{1FEA30D2-5542-4EFC-982C-4FF951667C9D}.Debug|x64.Build.0 = Debug|Any CPU
		{1FEA30D2-5542-4EFC-982C-4FF951667C9D}.Release|Any CPU.ActiveCfg = Release|Any CPU
		{1FEA30D2-5542-4EFC-982C-4FF951667C9D}.Release|Any CPU.Build.0 = Release|Any CPU
		{1FEA30D2-5542-4EFC-982C-4FF951667C9D}.Release|x64.ActiveCfg = Release|Any CPU
		{1FEA30D2-5542-4EFC-982C-4FF951667C9D}.Release|x64.Build.0 = Release|Any CPU
		{62936A58-6998-49AC-898F-33D0185C6199}.Debug|Any CPU.ActiveCfg = Debug|Any CPU
		{62936A58-6998-49AC-898F-33D0185C6199}.Debug|Any CPU.Build.0 = Debug|Any CPU
		{62936A58-6998-49AC-898F-33D0185C6199}.Debug|x64.ActiveCfg = Debug|Any CPU
		{62936A58-6998-49AC-898F-33D0185C6199}.Debug|x64.Build.0 = Debug|Any CPU
		{62936A58-6998-49AC-898F-33D0185C6199}.Release|Any CPU.ActiveCfg = Release|Any CPU
		{62936A58-6998-49AC-898F-33D0185C6199}.Release|Any CPU.Build.0 = Release|Any CPU
		{62936A58-6998-49AC-898F-33D0185C6199}.Release|x64.ActiveCfg = Release|Any CPU
		{62936A58-6998-49AC-898F-33D0185C6199}.Release|x64.Build.0 = Release|Any CPU
		{86B7933D-FE04-4369-8347-C5B5BC3B64C9}.Debug|Any CPU.ActiveCfg = Debug|Any CPU
		{86B7933D-FE04-4369-8347-C5B5BC3B64C9}.Debug|Any CPU.Build.0 = Debug|Any CPU
		{86B7933D-FE04-4369-8347-C5B5BC3B64C9}.Debug|x64.ActiveCfg = Debug|Any CPU
		{86B7933D-FE04-4369-8347-C5B5BC3B64C9}.Debug|x64.Build.0 = Debug|Any CPU
		{86B7933D-FE04-4369-8347-C5B5BC3B64C9}.Release|Any CPU.ActiveCfg = Release|Any CPU
		{86B7933D-FE04-4369-8347-C5B5BC3B64C9}.Release|Any CPU.Build.0 = Release|Any CPU
		{86B7933D-FE04-4369-8347-C5B5BC3B64C9}.Release|x64.ActiveCfg = Release|Any CPU
		{86B7933D-FE04-4369-8347-C5B5BC3B64C9}.Release|x64.Build.0 = Release|Any CPU
		{14989201-7697-455C-98C9-1CC72423E244}.Debug|Any CPU.ActiveCfg = Debug|x64
		{14989201-7697-455C-98C9-1CC72423E244}.Debug|x64.ActiveCfg = Debug|x64
		{14989201-7697-455C-98C9-1CC72423E244}.Debug|x64.Build.0 = Debug|x64
		{14989201-7697-455C-98C9-1CC72423E244}.Release|Any CPU.ActiveCfg = Release|x64
		{14989201-7697-455C-98C9-1CC72423E244}.Release|x64.ActiveCfg = Release|x64
		{14989201-7697-455C-98C9-1CC72423E244}.Release|x64.Build.0 = Release|x64
		{B675ADF1-4817-4646-9F04-5944867C6A9C}.Debug|Any CPU.ActiveCfg = Debug|x64
		{B675ADF1-4817-4646-9F04-5944867C6A9C}.Debug|x64.ActiveCfg = Debug|x64
		{B675ADF1-4817-4646-9F04-5944867C6A9C}.Debug|x64.Build.0 = Debug|x64
		{B675ADF1-4817-4646-9F04-5944867C6A9C}.Release|Any CPU.ActiveCfg = Release|x64
		{B675ADF1-4817-4646-9F04-5944867C6A9C}.Release|x64.ActiveCfg = Release|x64
		{B675ADF1-4817-4646-9F04-5944867C6A9C}.Release|x64.Build.0 = Release|x64
		{51B717D6-F21D-416D-95A8-76915D0FF075}.Debug|Any CPU.ActiveCfg = Debug|x64
		{51B717D6-F21D-416D-95A8-76915D0FF075}.Debug|x64.ActiveCfg = Debug|x64
		{51B717D6-F21D-416D-95A8-76915D0FF075}.Debug|x64.Build.0 = Debug|x64
		{51B717D6-F21D-416D-95A8-76915D0FF075}.Release|Any CPU.ActiveCfg = Release|x64
		{51B717D6-F21D-416D-95A8-76915D0FF075}.Release|x64.ActiveCfg = Release|x64
		{51B717D6-F21D-416D-95A8-76915D0FF075}.Release|x64.Build.0 = Release|x64
		{332471BE-189D-499D-9F1B-84C65A6B12D8}.Debug|Any CPU.ActiveCfg = Debug|x64
		{332471BE-189D-499D-9F1B-84C65A6B12D8}.Debug|x64.ActiveCfg = Debug|x64
		{332471BE-189D-499D-9F1B-84C65A6B12D8}.Debug|x64.Build.0 = Debug|x64
		{332471BE-189D-499D-9F1B-84C65A6B12D8}.Release|Any CPU.ActiveCfg = Release|x64
		{332471BE-189D-499D-9F1B-84C65A6B12D8}.Release|x64.ActiveCfg = Release|x64
		{332471BE-189D-499D-9F1B-84C65A6B12D8}.Release|x64.Build.0 = Release|x64
		{DE0255C2-2AE9-4AC8-B6D2-869B1841E131}.Debug|Any CPU.ActiveCfg = Debug|x64
		{DE0255C2-2AE9-4AC8-B6D2-869B1841E131}.Debug|x64.ActiveCfg = Debug|x64
		{DE0255C2-2AE9-4AC8-B6D2-869B1841E131}.Debug|x64.Build.0 = Debug|x64
		{DE0255C2-2AE9-4AC8-B6D2-869B1841E131}.Debug|x64.Deploy.0 = Debug|x64
		{DE0255C2-2AE9-4AC8-B6D2-869B1841E131}.Release|Any CPU.ActiveCfg = Release|x64
		{DE0255C2-2AE9-4AC8-B6D2-869B1841E131}.Release|x64.ActiveCfg = Release|x64
		{DE0255C2-2AE9-4AC8-B6D2-869B1841E131}.Release|x64.Build.0 = Release|x64
		{DE0255C2-2AE9-4AC8-B6D2-869B1841E131}.Release|x64.Deploy.0 = Release|x64
	EndGlobalSection
	GlobalSection(SolutionProperties) = preSolution
		HideSolutionNode = FALSE
	EndGlobalSection
	GlobalSection(NestedProjects) = preSolution
		{B91F9DCE-8EC0-4CAE-B6EA-7ECD72CF7066} = {AD903853-A22B-454A-A3EC-4D36E9152555}
		{48567099-66D9-4087-A10F-D188AE03EB6C} = {AD903853-A22B-454A-A3EC-4D36E9152555}
		{AD903853-A22B-454A-A3EC-4D36E9152555} = {41390AED-EBA7-4B3E-BEA4-7EEA0C4CAE40}
		{A28DAA8A-1CAE-4F29-8233-732479E504A9} = {41390AED-EBA7-4B3E-BEA4-7EEA0C4CAE40}
		{B3DDAB8D-9E03-4D2E-B1FE-F69DF596B4CC} = {41390AED-EBA7-4B3E-BEA4-7EEA0C4CAE40}
		{2AE793B9-CBDB-43B3-B3A3-056F5223B6C9} = {7D154547-7959-48F9-AB99-4ACBA47A5AAD}
		{2A20B2FD-AA84-4194-A0DE-6C24C943AD75} = {7D154547-7959-48F9-AB99-4ACBA47A5AAD}
		{1FEA30D2-5542-4EFC-982C-4FF951667C9D} = {41390AED-EBA7-4B3E-BEA4-7EEA0C4CAE40}
		{62936A58-6998-49AC-898F-33D0185C6199} = {AD903853-A22B-454A-A3EC-4D36E9152555}
		{86B7933D-FE04-4369-8347-C5B5BC3B64C9} = {AD903853-A22B-454A-A3EC-4D36E9152555}
		{14989201-7697-455C-98C9-1CC72423E244} = {AD903853-A22B-454A-A3EC-4D36E9152555}
		{B675ADF1-4817-4646-9F04-5944867C6A9C} = {AD903853-A22B-454A-A3EC-4D36E9152555}
		{51B717D6-F21D-416D-95A8-76915D0FF075} = {AD903853-A22B-454A-A3EC-4D36E9152555}
		{51B0A51D-D4CB-4487-B6AD-2742899E7881} = {41390AED-EBA7-4B3E-BEA4-7EEA0C4CAE40}
		{332471BE-189D-499D-9F1B-84C65A6B12D8} = {51B0A51D-D4CB-4487-B6AD-2742899E7881}
		{DE0255C2-2AE9-4AC8-B6D2-869B1841E131} = {A28DAA8A-1CAE-4F29-8233-732479E504A9}
		{7D154547-7959-48F9-AB99-4ACBA47A5AAD} = {41390AED-EBA7-4B3E-BEA4-7EEA0C4CAE40}
	EndGlobalSection
EndGlobal
